
Microsoft Visual Studio Solution File, Format Version 12.00
# Visual Studio Version 16
VisualStudioVersion = 16.0.31702.278
MinimumVisualStudioVersion = 10.0.40219.1
Project("{FAE04EC0-301F-11D3-BF4B-00C04F79EFBC}") = "largest number", "largest number\largest number.csproj", "{0909E7D0-D01A-44FE-ADFB-1C616310F39B}"
EndProject
Global
	GlobalSection(SolutionConfigurationPlatforms) = preSolution
		Debug|Any CPU = Debug|Any CPU
		Release|Any CPU = Release|Any CPU
	EndGlobalSection
	GlobalSection(ProjectConfigurationPlatforms) = postSolution
		{0909E7D0-D01A-44FE-ADFB-1C616310F39B}.Debug|Any CPU.ActiveCfg = Debug|Any CPU
		{0909E7D0-D01A-44FE-ADFB-1C616310F39B}.Debug|Any CPU.Build.0 = Debug|Any CPU
		{0909E7D0-D01A-44FE-ADFB-1C616310F39B}.Release|Any CPU.ActiveCfg = Release|Any CPU
		{0909E7D0-D01A-44FE-ADFB-1C616310F39B}.Release|Any CPU.Build.0 = Release|Any CPU
	EndGlobalSection
	GlobalSection(SolutionProperties) = preSolution
		HideSolutionNode = FALSE
	EndGlobalSection
	GlobalSection(ExtensibilityGlobals) = postSolution
		SolutionGuid = {BBDCD79A-44AD-4041-8833-7179D58B6C82}
	EndGlobalSection
EndGlobal
